
Microsoft Visual Studio Solution File, Format Version 12.00
# Visual Studio 15
VisualStudioVersion = 15.0.28307.421
MinimumVisualStudioVersion = 10.0.40219.1
Project("{FAE04EC0-301F-11D3-BF4B-00C04F79EFBC}") = "Dysnomia.WhoOwnsMe.WebApp", "Dysnomia.WhoOwnsMe.WebApp\Dysnomia.WhoOwnsMe.WebApp.csproj", "{E9973250-FBAA-4FBB-AB9F-2776B5545FA6}"
EndProject
Global
	GlobalSection(SolutionConfigurationPlatforms) = preSolution
		Debug|Any CPU = Debug|Any CPU
		Release|Any CPU = Release|Any CPU
	EndGlobalSection
	GlobalSection(ProjectConfigurationPlatforms) = postSolution
		{E9973250-FBAA-4FBB-AB9F-2776B5545FA6}.Debug|Any CPU.ActiveCfg = Debug|Any CPU
		{E9973250-FBAA-4FBB-AB9F-2776B5545FA6}.Debug|Any CPU.Build.0 = Debug|Any CPU
		{E9973250-FBAA-4FBB-AB9F-2776B5545FA6}.Release|Any CPU.ActiveCfg = Release|Any CPU
		{E9973250-FBAA-4FBB-AB9F-2776B5545FA6}.Release|Any CPU.Build.0 = Release|Any CPU
	EndGlobalSection
	GlobalSection(SolutionProperties) = preSolution
		HideSolutionNode = FALSE
	EndGlobalSection
	GlobalSection(ExtensibilityGlobals) = postSolution
		SolutionGuid = {980A28BF-9601-4AFE-BC84-C231028BAA7C}
	EndGlobalSection
EndGlobal
